
Microsoft Visual Studio Solution File, Format Version 12.00
# Visual Studio Version 16
VisualStudioVersion = 16.0.31005.135
MinimumVisualStudioVersion = 10.0.40219.1
Project("{8BC9CEB8-8B4A-11D0-8D11-00A0C91BC942}") = "UnitTest_RB_Tree", "UnitTest_RB_Tree.vcxproj", "{E087565C-D94C-4DA0-BF4A-BE06034F9326}"
EndProject
Project("{8BC9CEB8-8B4A-11D0-8D11-00A0C91BC942}") = "RB_Tree", "..\RB_Tree\RB_Tree.vcxproj", "{BF2C61A4-D9B9-48F2-A53F-B412117B6C15}"
EndProject
Global
	GlobalSection(SolutionConfigurationPlatforms) = preSolution
		Debug|x64 = Debug|x64
		Debug|x86 = Debug|x86
		Release|x64 = Release|x64
		Release|x86 = Release|x86
	EndGlobalSection
	GlobalSection(ProjectConfigurationPlatforms) = postSolution
		{E087565C-D94C-4DA0-BF4A-BE06034F9326}.Debug|x64.ActiveCfg = Debug|x64
		{E087565C-D94C-4DA0-BF4A-BE06034F9326}.Debug|x64.Build.0 = Debug|x64
		{E087565C-D94C-4DA0-BF4A-BE06034F9326}.Debug|x86.ActiveCfg = Debug|Win32
		{E087565C-D94C-4DA0-BF4A-BE06034F9326}.Debug|x86.Build.0 = Debug|Win32
		{E087565C-D94C-4DA0-BF4A-BE06034F9326}.Release|x64.ActiveCfg = Release|x64
		{E087565C-D94C-4DA0-BF4A-BE06034F9326}.Release|x64.Build.0 = Release|x64
		{E087565C-D94C-4DA0-BF4A-BE06034F9326}.Release|x86.ActiveCfg = Release|Win32
		{E087565C-D94C-4DA0-BF4A-BE06034F9326}.Release|x86.Build.0 = Release|Win32
		{BF2C61A4-D9B9-48F2-A53F-B412117B6C15}.Debug|x64.ActiveCfg = Debug|x64
		{BF2C61A4-D9B9-48F2-A53F-B412117B6C15}.Debug|x64.Build.0 = Debug|x64
		{BF2C61A4-D9B9-48F2-A53F-B412117B6C15}.Debug|x86.ActiveCfg = Debug|Win32
		{BF2C61A4-D9B9-48F2-A53F-B412117B6C15}.Debug|x86.Build.0 = Debug|Win32
		{BF2C61A4-D9B9-48F2-A53F-B412117B6C15}.Release|x64.ActiveCfg = Release|x64
		{BF2C61A4-D9B9-48F2-A53F-B412117B6C15}.Release|x64.Build.0 = Release|x64
		{BF2C61A4-D9B9-48F2-A53F-B412117B6C15}.Release|x86.ActiveCfg = Release|Win32
		{BF2C61A4-D9B9-48F2-A53F-B412117B6C15}.Release|x86.Build.0 = Release|Win32
	EndGlobalSection
	GlobalSection(SolutionProperties) = preSolution
		HideSolutionNode = FALSE
	EndGlobalSection
	GlobalSection(ExtensibilityGlobals) = postSolution
		SolutionGuid = {8B75D95D-012D-4F8E-B6C7-4FA93A6A7A08}
	EndGlobalSection
EndGlobal
